
Microsoft Visual Studio Solution File, Format Version 12.00
# Visual Studio Version 16
VisualStudioVersion = 16.0.34407.143
MinimumVisualStudioVersion = 10.0.40219.1
Project("{8BC9CEB8-8B4A-11D0-8D11-00A0C91BC942}") = "BiLevel_Scheduling_Industry_4.0", "BiLevel_Scheduling_Industry_4.0\BiLevel_Scheduling_Industry_4.0.vcxproj", "{340F2302-D5DF-435E-B193-9E9EB216F6BD}"
EndProject
Global
	GlobalSection(SolutionConfigurationPlatforms) = preSolution
		Debug|x64 = Debug|x64
		Debug|x86 = Debug|x86
		Release|x64 = Release|x64
		Release|x86 = Release|x86
	EndGlobalSection
	GlobalSection(ProjectConfigurationPlatforms) = postSolution
		{340F2302-D5DF-435E-B193-9E9EB216F6BD}.Debug|x64.ActiveCfg = Debug|x64
		{340F2302-D5DF-435E-B193-9E9EB216F6BD}.Debug|x64.Build.0 = Debug|x64
		{340F2302-D5DF-435E-B193-9E9EB216F6BD}.Debug|x86.ActiveCfg = Debug|Win32
		{340F2302-D5DF-435E-B193-9E9EB216F6BD}.Debug|x86.Build.0 = Debug|Win32
		{340F2302-D5DF-435E-B193-9E9EB216F6BD}.Release|x64.ActiveCfg = Release|x64
		{340F2302-D5DF-435E-B193-9E9EB216F6BD}.Release|x64.Build.0 = Release|x64
		{340F2302-D5DF-435E-B193-9E9EB216F6BD}.Release|x86.ActiveCfg = Release|Win32
		{340F2302-D5DF-435E-B193-9E9EB216F6BD}.Release|x86.Build.0 = Release|Win32
	EndGlobalSection
	GlobalSection(SolutionProperties) = preSolution
		HideSolutionNode = FALSE
	EndGlobalSection
	GlobalSection(ExtensibilityGlobals) = postSolution
		SolutionGuid = {46C7F045-8EE9-4643-8022-E7D11EEA65BE}
	EndGlobalSection
EndGlobal
